// !$*UTF8*$!
{
	archiveVersion = 1;
	classes = {
	};
	objectVersion = 55;
	objects = {

/* Begin PBXBuildFile section */
		A6BD257427A2F3B400312F0A /* AppDelegate.swift in Sources */ = {isa = PBXBuildFile; fileRef = A6BD257327A2F3B400312F0A /* AppDelegate.swift */; };
		A6BD257627A2F3B400312F0A /* SceneDelegate.swift in Sources */ = {isa = PBXBuildFile; fileRef = A6BD257527A2F3B400312F0A /* SceneDelegate.swift */; };
		A6BD257827A2F3B400312F0A /* FirstVC.swift in Sources */ = {isa = PBXBuildFile; fileRef = A6BD257727A2F3B400312F0A /* FirstVC.swift */; };
		A6BD257B27A2F3B400312F0A /* Main.storyboard in Resources */ = {isa = PBXBuildFile; fileRef = A6BD257927A2F3B400312F0A /* Main.storyboard */; };
		A6BD257D27A2F3BE00312F0A /* Assets.xcassets in Resources */ = {isa = PBXBuildFile; fileRef = A6BD257C27A2F3BE00312F0A /* Assets.xcassets */; };
		A6BD258027A2F3BE00312F0A /* LaunchScreen.storyboard in Resources */ = {isa = PBXBuildFile; fileRef = A6BD257E27A2F3BE00312F0A /* LaunchScreen.storyboard */; };
		A6BD258827A3191600312F0A /* SecondVC.swift in Sources */ = {isa = PBXBuildFile; fileRef = A6BD258727A3191600312F0A /* SecondVC.swift */; };
		A6BD258B27A3193A00312F0A /* ThirdVC.swift in Sources */ = {isa = PBXBuildFile; fileRef = A6BD258927A3193A00312F0A /* ThirdVC.swift */; };
		A6BD258C27A3193A00312F0A /* ThirdVC.xib in Resources */ = {isa = PBXBuildFile; fileRef = A6BD258A27A3193A00312F0A /* ThirdVC.xib */; };
		A6BD259027A31C4B00312F0A /* FourthVC.swift in Sources */ = {isa = PBXBuildFile; fileRef = A6BD258F27A31C4B00312F0A /* FourthVC.swift */; };
		A6BD259227A34AA000312F0A /* SecondStoryboard.storyboard in Resources */ = {isa = PBXBuildFile; fileRef = A6BD259127A34AA000312F0A /* SecondStoryboard.storyboard */; };
/* End PBXBuildFile section */

/* Begin PBXFileReference section */
		A6BD257027A2F3B400312F0A /* HomeWork12.app */ = {isa = PBXFileReference; explicitFileType = wrapper.application; includeInIndex = 0; path = HomeWork12.app; sourceTree = BUILT_PRODUCTS_DIR; };
		A6BD257327A2F3B400312F0A /* AppDelegate.swift */ = {isa = PBXFileReference; lastKnownFileType = sourcecode.swift; path = AppDelegate.swift; sourceTree = "<group>"; };
		A6BD257527A2F3B400312F0A /* SceneDelegate.swift */ = {isa = PBXFileReference; lastKnownFileType = sourcecode.swift; path = SceneDelegate.swift; sourceTree = "<group>"; };
		A6BD257727A2F3B400312F0A /* FirstVC.swift */ = {isa = PBXFileReference; lastKnownFileType = sourcecode.swift; path = FirstVC.swift; sourceTree = "<group>"; };
		A6BD257A27A2F3B400312F0A /* Base */ = {isa = PBXFileReference; lastKnownFileType = file.storyboard; name = Base; path = Base.lproj/Main.storyboard; sourceTree = "<group>"; };
		A6BD257C27A2F3BE00312F0A /* Assets.xcassets */ = {isa = PBXFileReference; lastKnownFileType = folder.assetcatalog; path = Assets.xcassets; sourceTree = "<group>"; };
		A6BD257F27A2F3BE00312F0A /* Base */ = {isa = PBXFileReference; lastKnownFileType = file.storyboard; name = Base; path = Base.lproj/LaunchScreen.storyboard; sourceTree = "<group>"; };
		A6BD258127A2F3BE00312F0A /* Info.plist */ = {isa = PBXFileReference; lastKnownFileType = text.plist.xml; path = Info.plist; sourceTree = "<group>"; };
		A6BD258727A3191600312F0A /* SecondVC.swift */ = {isa = PBXFileReference; lastKnownFileType = sourcecode.swift; path = SecondVC.swift; sourceTree = "<group>"; };
		A6BD258927A3193A00312F0A /* ThirdVC.swift */ = {isa = PBXFileReference; lastKnownFileType = sourcecode.swift; path = ThirdVC.swift; sourceTree = "<group>"; };
		A6BD258A27A3193A00312F0A /* ThirdVC.xib */ = {isa = PBXFileReference; lastKnownFileType = file.xib; path = ThirdVC.xib; sourceTree = "<group>"; };
		A6BD258F27A31C4B00312F0A /* FourthVC.swift */ = {isa = PBXFileReference; lastKnownFileType = sourcecode.swift; path = FourthVC.swift; sourceTree = "<group>"; };
		A6BD259127A34AA000312F0A /* SecondStoryboard.storyboard */ = {isa = PBXFileReference; lastKnownFileType = file.storyboard; path = SecondStoryboard.storyboard; sourceTree = "<group>"; };
/* End PBXFileReference section */

/* Begin PBXFrameworksBuildPhase section */
		A6BD256D27A2F3B400312F0A /* Frameworks */ = {
			isa = PBXFrameworksBuildPhase;
			buildActionMask = 2147483647;
			files = (
			);
			runOnlyForDeploymentPostprocessing = 0;
		};
/* End PBXFrameworksBuildPhase section */

/* Begin PBXGroup section */
		A6BD256727A2F3B400312F0A = {
			isa = PBXGroup;
			children = (
				A6BD257227A2F3B400312F0A /* HomeWork12 */,
				A6BD257127A2F3B400312F0A /* Products */,
			);
			sourceTree = "<group>";
		};
		A6BD257127A2F3B400312F0A /* Products */ = {
			isa = PBXGroup;
			children = (
				A6BD257027A2F3B400312F0A /* HomeWork12.app */,
			);
			name = Products;
			sourceTree = "<group>";
		};
		A6BD257227A2F3B400312F0A /* HomeWork12 */ = {
			isa = PBXGroup;
			children = (
				A6BD257327A2F3B400312F0A /* AppDelegate.swift */,
				A6BD257527A2F3B400312F0A /* SceneDelegate.swift */,
				A6BD258E27A319BF00312F0A /* Controllers */,
				A6BD258D27A319AB00312F0A /* Views */,
				A6BD257C27A2F3BE00312F0A /* Assets.xcassets */,
				A6BD258127A2F3BE00312F0A /* Info.plist */,
			);
			path = HomeWork12;
			sourceTree = "<group>";
		};
		A6BD258D27A319AB00312F0A /* Views */ = {
			isa = PBXGroup;
			children = (
				A6BD257927A2F3B400312F0A /* Main.storyboard */,
				A6BD259127A34AA000312F0A /* SecondStoryboard.storyboard */,
				A6BD258A27A3193A00312F0A /* ThirdVC.xib */,
				A6BD257E27A2F3BE00312F0A /* LaunchScreen.storyboard */,
			);
			path = Views;
			sourceTree = "<group>";
		};
		A6BD258E27A319BF00312F0A /* Controllers */ = {
			isa = PBXGroup;
			children = (
				A6BD257727A2F3B400312F0A /* FirstVC.swift */,
				A6BD258727A3191600312F0A /* SecondVC.swift */,
				A6BD258927A3193A00312F0A /* ThirdVC.swift */,
				A6BD258F27A31C4B00312F0A /* FourthVC.swift */,
			);
			path = Controllers;
			sourceTree = "<group>";
		};
/* End PBXGroup section */

/* Begin PBXNativeTarget section */
		A6BD256F27A2F3B400312F0A /* HomeWork12 */ = {
			isa = PBXNativeTarget;
			buildConfigurationList = A6BD258427A2F3BE00312F0A /* Build configuration list for PBXNativeTarget "HomeWork12" */;
			buildPhases = (
				A6BD256C27A2F3B400312F0A /* Sources */,
				A6BD256D27A2F3B400312F0A /* Frameworks */,
				A6BD256E27A2F3B400312F0A /* Resources */,
			);
			buildRules = (
			);
			dependencies = (
			);
			name = HomeWork12;
			productName = HomeWork12;
			productReference = A6BD257027A2F3B400312F0A /* HomeWork12.app */;
			productType = "com.apple.product-type.application";
		};
/* End PBXNativeTarget section */

/* Begin PBXProject section */
		A6BD256827A2F3B400312F0A /* Project object */ = {
			isa = PBXProject;
			attributes = {
				BuildIndependentTargetsInParallel = 1;
				LastSwiftUpdateCheck = 1310;
				LastUpgradeCheck = 1310;
				TargetAttributes = {
					A6BD256F27A2F3B400312F0A = {
						CreatedOnToolsVersion = 13.1;
					};
				};
			};
			buildConfigurationList = A6BD256B27A2F3B400312F0A /* Build configuration list for PBXProject "HomeWork12" */;
			compatibilityVersion = "Xcode 13.0";
			developmentRegion = en;
			hasScannedForEncodings = 0;
			knownRegions = (
				en,
				Base,
			);
			mainGroup = A6BD256727A2F3B400312F0A;
			productRefGroup = A6BD257127A2F3B400312F0A /* Products */;
			projectDirPath = "";
			projectRoot = "";
			targets = (
				A6BD256F27A2F3B400312F0A /* HomeWork12 */,
			);
		};
/* End PBXProject section */

/* Begin PBXResourcesBuildPhase section */
		A6BD256E27A2F3B400312F0A /* Resources */ = {
			isa = PBXResourcesBuildPhase;
			buildActionMask = 2147483647;
			files = (
				A6BD258C27A3193A00312F0A /* ThirdVC.xib in Resources */,
				A6BD258027A2F3BE00312F0A /* LaunchScreen.storyboard in Resources */,
				A6BD259227A34AA000312F0A /* SecondStoryboard.storyboard in Resources */,
				A6BD257D27A2F3BE00312F0A /* Assets.xcassets in Resources */,
				A6BD257B27A2F3B400312F0A /* Main.storyboard in Resources */,
			);
			runOnlyForDeploymentPostprocessing = 0;
		};
/* End PBXResourcesBuildPhase section */

/* Begin PBXSourcesBuildPhase section */
		A6BD256C27A2F3B400312F0A /* Sources */ = {
			isa = PBXSourcesBuildPhase;
			buildActionMask = 2147483647;
			files = (
				A6BD259027A31C4B00312F0A /* FourthVC.swift in Sources */,
				A6BD257827A2F3B400312F0A /* FirstVC.swift in Sources */,
				A6BD257427A2F3B400312F0A /* AppDelegate.swift in Sources */,
				A6BD258827A3191600312F0A /* SecondVC.swift in Sources */,
				A6BD257627A2F3B400312F0A /* SceneDelegate.swift in Sources */,
				A6BD258B27A3193A00312F0A /* ThirdVC.swift in Sources */,
			);
			runOnlyForDeploymentPostprocessing = 0;
		};
/* End PBXSourcesBuildPhase section */

/* Begin PBXVariantGroup section */
		A6BD257927A2F3B400312F0A /* Main.storyboard */ = {
			isa = PBXVariantGroup;
			children = (
				A6BD257A27A2F3B400312F0A /* Base */,
			);
			name = Main.storyboard;
			sourceTree = "<group>";
		};
		A6BD257E27A2F3BE00312F0A /* LaunchScreen.storyboard */ = {
			isa = PBXVariantGroup;
			children = (
				A6BD257F27A2F3BE00312F0A /* Base */,
			);
			name = LaunchScreen.storyboard;
			sourceTree = "<group>";
		};
/* End PBXVariantGroup section */

/* Begin XCBuildConfiguration section */
		A6BD258227A2F3BE00312F0A /* Debug */ = {
			isa = XCBuildConfiguration;
			buildSettings = {
				ALWAYS_SEARCH_USER_PATHS = NO;
				CLANG_ANALYZER_NONNULL = YES;
				CLANG_ANALYZER_NUMBER_OBJECT_CONVERSION = YES_AGGRESSIVE;
				CLANG_CXX_LANGUAGE_STANDARD = "gnu++17";
				CLANG_CXX_LIBRARY = "libc++";
				CLANG_ENABLE_MODULES = YES;
				CLANG_ENABLE_OBJC_ARC = YES;
				CLANG_ENABLE_OBJC_WEAK = YES;
				CLANG_WARN_BLOCK_CAPTURE_AUTORELEASING = YES;
				CLANG_WARN_BOOL_CONVERSION = YES;
				CLANG_WARN_COMMA = YES;
				CLANG_WARN_CONSTANT_CONVERSION = YES;
				CLANG_WARN_DEPRECATED_OBJC_IMPLEMENTATIONS = YES;
				CLANG_WARN_DIRECT_OBJC_ISA_USAGE = YES_ERROR;
				CLANG_WARN_DOCUMENTATION_COMMENTS = YES;
				CLANG_WARN_EMPTY_BODY = YES;
				CLANG_WARN_ENUM_CONVERSION = YES;
				CLANG_WARN_INFINITE_RECURSION = YES;
				CLANG_WARN_INT_CONVERSION = YES;
				CLANG_WARN_NON_LITERAL_NULL_CONVERSION = YES;
				CLANG_WARN_OBJC_IMPLICIT_RETAIN_SELF = YES;
				CLANG_WARN_OBJC_LITERAL_CONVERSION = YES;
				CLANG_WARN_OBJC_ROOT_CLASS = YES_ERROR;
				CLANG_WARN_QUOTED_INCLUDE_IN_FRAMEWORK_HEADER = YES;
				CLANG_WARN_RANGE_LOOP_ANALYSIS = YES;
				CLANG_WARN_STRICT_PROTOTYPES = YES;
				CLANG_WARN_SUSPICIOUS_MOVE = YES;
				CLANG_WARN_UNGUARDED_AVAILABILITY = YES_AGGRESSIVE;
				CLANG_WARN_UNREACHABLE_CODE = YES;
				CLANG_WARN__DUPLICATE_METHOD_MATCH = YES;
				COPY_PHASE_STRIP = NO;
				DEBUG_INFORMATION_FORMAT = dwarf;
				ENABLE_STRICT_OBJC_MSGSEND = YES;
				ENABLE_TESTABILITY = YES;
				GCC_C_LANGUAGE_STANDARD = gnu11;
				GCC_DYNAMIC_NO_PIC = NO;
				GCC_NO_COMMON_BLOCKS = YES;
				GCC_OPTIMIZATION_LEVEL = 0;
				GCC_PREPROCESSOR_DEFINITIONS = (
					"DEBUG=1",
					"$(inherited)",
				);
				GCC_WARN_64_TO_32_BIT_CONVERSION = YES;
				GCC_WARN_ABOUT_RETURN_TYPE = YES_ERROR;
				GCC_WARN_UNDECLARED_SELECTOR = YES;
				GCC_WARN_UNINITIALIZED_AUTOS = YES_AGGRESSIVE;
				GCC_WARN_UNUSED_FUNCTION = YES;
				GCC_WARN_UNUSED_VARIABLE = YES;
				IPHONEOS_DEPLOYMENT_TARGET = 15.0;
				MTL_ENABLE_DEBUG_INFO = INCLUDE_SOURCE;
				MTL_FAST_MATH = YES;
				ONLY_ACTIVE_ARCH = YES;
				SDKROOT = iphoneos;
				SWIFT_ACTIVE_COMPILATION_CONDITIONS = DEBUG;
				SWIFT_OPTIMIZATION_LEVEL = "-Onone";
			};
			name = Debug;
		};
		A6BD258327A2F3BE00312F0A /* Release */ = {
			isa = XCBuildConfiguration;
			buildSettings = {
				ALWAYS_SEARCH_USER_PATHS = NO;
				CLANG_ANALYZER_NONNULL = YES;
				CLANG_ANALYZER_NUMBER_OBJECT_CONVERSION = YES_AGGRESSIVE;
				CLANG_CXX_LANGUAGE_STANDARD = "gnu++17";
				CLANG_CXX_LIBRARY = "libc++";
				CLANG_ENABLE_MODULES = YES;
				CLANG_ENABLE_OBJC_ARC = YES;
				CLANG_ENABLE_OBJC_WEAK = YES;
				CLANG_WARN_BLOCK_CAPTURE_AUTORELEASING = YES;
				CLANG_WARN_BOOL_CONVERSION = YES;
				CLANG_WARN_COMMA = YES;
				CLANG_WARN_CONSTANT_CONVERSION = YES;
				CLANG_WARN_DEPRECATED_OBJC_IMPLEMENTATIONS = YES;
				CLANG_WARN_DIRECT_OBJC_ISA_USAGE = YES_ERROR;
				CLANG_WARN_DOCUMENTATION_COMMENTS = YES;
				CLANG_WARN_EMPTY_BODY = YES;
				CLANG_WARN_ENUM_CONVERSION = YES;
				CLANG_WARN_INFINITE_RECURSION = YES;
				CLANG_WARN_INT_CONVERSION = YES;
				CLANG_WARN_NON_LITERAL_NULL_CONVERSION = YES;
				CLANG_WARN_OBJC_IMPLICIT_RETAIN_SELF = YES;
				CLANG_WARN_OBJC_LITERAL_CONVERSION = YES;
				CLANG_WARN_OBJC_ROOT_CLASS = YES_ERROR;
				CLANG_WARN_QUOTED_INCLUDE_IN_FRAMEWORK_HEADER = YES;
				CLANG_WARN_RANGE_LOOP_ANALYSIS = YES;
				CLANG_WARN_STRICT_PROTOTYPES = YES;
				CLANG_WARN_SUSPICIOUS_MOVE = YES;
				CLANG_WARN_UNGUARDED_AVAILABILITY = YES_AGGRESSIVE;
				CLANG_WARN_UNREACHABLE_CODE = YES;
				CLANG_WARN__DUPLICATE_METHOD_MATCH = YES;
				COPY_PHASE_STRIP = NO;
				DEBUG_INFORMATION_FORMAT = "dwarf-with-dsym";
				ENABLE_NS_ASSERTIONS = NO;
				ENABLE_STRICT_OBJC_MSGSEND = YES;
				GCC_C_LANGUAGE_STANDARD = gnu11;
				GCC_NO_COMMON_BLOCKS = YES;
				GCC_WARN_64_TO_32_BIT_CONVERSION = YES;
				GCC_WARN_ABOUT_RETURN_TYPE = YES_ERROR;
				GCC_WARN_UNDECLARED_SELECTOR = YES;
				GCC_WARN_UNINITIALIZED_AUTOS = YES_AGGRESSIVE;
				GCC_WARN_UNUSED_FUNCTION = YES;
				GCC_WARN_UNUSED_VARIABLE = YES;
				IPHONEOS_DEPLOYMENT_TARGET = 15.0;
				MTL_ENABLE_DEBUG_INFO = NO;
				MTL_FAST_MATH = YES;
				SDKROOT = iphoneos;
				SWIFT_COMPILATION_MODE = wholemodule;
				SWIFT_OPTIMIZATION_LEVEL = "-O";
				VALIDATE_PRODUCT = YES;
			};
			name = Release;
		};
		A6BD258527A2F3BE00312F0A /* Debug */ = {
			isa = XCBuildConfiguration;
			buildSettings = {
				ASSETCATALOG_COMPILER_APPICON_NAME = AppIcon;
				ASSETCATALOG_COMPILER_GLOBAL_ACCENT_COLOR_NAME = AccentColor;
				CODE_SIGN_STYLE = Automatic;
				CURRENT_PROJECT_VERSION = 1;
				DEVELOPMENT_TEAM = 23F6SX7UH4;
				GENERATE_INFOPLIST_FILE = YES;
				INFOPLIST_FILE = HomeWork12/Info.plist;
				INFOPLIST_KEY_UIApplicationSupportsIndirectInputEvents = YES;
				INFOPLIST_KEY_UILaunchStoryboardName = LaunchScreen;
				INFOPLIST_KEY_UIMainStoryboardFile = Main;
				INFOPLIST_KEY_UISupportedInterfaceOrientations_iPad = "UIInterfaceOrientationPortrait UIInterfaceOrientationPortraitUpsideDown UIInterfaceOrientationLandscapeLeft UIInterfaceOrientationLandscapeRight";
				INFOPLIST_KEY_UISupportedInterfaceOrientations_iPhone = "UIInterfaceOrientationPortrait UIInterfaceOrientationLandscapeLeft UIInterfaceOrientationLandscapeRight";
				IPHONEOS_DEPLOYMENT_TARGET = 15.0;
				LD_RUNPATH_SEARCH_PATHS = (
					"$(inherited)",
					"@executable_path/Frameworks",
				);
				MARKETING_VERSION = 1.0;
				PRODUCT_BUNDLE_IDENTIFIER = tms.HomeWork12;
				PRODUCT_NAME = "$(TARGET_NAME)";
				SWIFT_EMIT_LOC_STRINGS = YES;
				SWIFT_VERSION = 5.0;
				TARGETED_DEVICE_FAMILY = 1;
			};
			name = Debug;
		};
		A6BD258627A2F3BE00312F0A /* Release */ = {
			isa = XCBuildConfiguration;
			buildSettings = {
				ASSETCATALOG_COMPILER_APPICON_NAME = AppIcon;
				ASSETCATALOG_COMPILER_GLOBAL_ACCENT_COLOR_NAME = AccentColor;
				CODE_SIGN_STYLE = Automatic;
				CURRENT_PROJECT_VERSION = 1;
				DEVELOPMENT_TEAM = 23F6SX7UH4;
				GENERATE_INFOPLIST_FILE = YES;
				INFOPLIST_FILE = HomeWork12/Info.plist;
				INFOPLIST_KEY_UIApplicationSupportsIndirectInputEvents = YES;
				INFOPLIST_KEY_UILaunchStoryboardName = LaunchScreen;
				INFOPLIST_KEY_UIMainStoryboardFile = Main;
				INFOPLIST_KEY_UISupportedInterfaceOrientations_iPad = "UIInterfaceOrientationPortrait UIInterfaceOrientationPortraitUpsideDown UIInterfaceOrientationLandscapeLeft UIInterfaceOrientationLandscapeRight";
				INFOPLIST_KEY_UISupportedInterfaceOrientations_iPhone = "UIInterfaceOrientationPortrait UIInterfaceOrientationLandscapeLeft UIInterfaceOrientationLandscapeRight";
				IPHONEOS_DEPLOYMENT_TARGET = 15.0;
				LD_RUNPATH_SEARCH_PATHS = (
					"$(inherited)",
					"@executable_path/Frameworks",
				);
				MARKETING_VERSION = 1.0;
				PRODUCT_BUNDLE_IDENTIFIER = tms.HomeWork12;
				PRODUCT_NAME = "$(TARGET_NAME)";
				SWIFT_EMIT_LOC_STRINGS = YES;
				SWIFT_VERSION = 5.0;
				TARGETED_DEVICE_FAMILY = 1;
			};
			name = Release;
		};
/* End XCBuildConfiguration section */

/* Begin XCConfigurationList section */
		A6BD256B27A2F3B400312F0A /* Build configuration list for PBXProject "HomeWork12" */ = {
			isa = XCConfigurationList;
			buildConfigurations = (
				A6BD258227A2F3BE00312F0A /* Debug */,
				A6BD258327A2F3BE00312F0A /* Release */,
			);
			defaultConfigurationIsVisible = 0;
			defaultConfigurationName = Release;
		};
		A6BD258427A2F3BE00312F0A /* Build configuration list for PBXNativeTarget "HomeWork12" */ = {
			isa = XCConfigurationList;
			buildConfigurations = (
				A6BD258527A2F3BE00312F0A /* Debug */,
				A6BD258627A2F3BE00312F0A /* Release */,
			);
			defaultConfigurationIsVisible = 0;
			defaultConfigurationName = Release;
		};
/* End XCConfigurationList section */
	};
	rootObject = A6BD256827A2F3B400312F0A /* Project object */;
}
